
Microsoft Visual Studio Solution File, Format Version 12.00
# Visual Studio 15
Project("{FAE04EC0-301F-11D3-BF4B-00C04F79EFBC}") = "Assembly-CSharp", "Assembly-CSharp.csproj", "{B89E39E0-DFB7-5428-EFF3-B316F5C59E71}"
EndProject
Project("{FAE04EC0-301F-11D3-BF4B-00C04F79EFBC}") = "lootlocker.lootlockersdk.runtime", "lootlocker.lootlockersdk.runtime.csproj", "{00064A6D-B17A-E93F-8CCB-39F11C5E3891}"
EndProject
Project("{FAE04EC0-301F-11D3-BF4B-00C04F79EFBC}") = "Assembly-CSharp-Editor", "Assembly-CSharp-Editor.csproj", "{8F4D686D-FF5C-CF93-2A79-C5B16B9B5D4D}"
EndProject
Global
	GlobalSection(SolutionConfigurationPlatforms) = preSolution
		Debug|Any CPU = Debug|Any CPU
		Release|Any CPU = Release|Any CPU
	EndGlobalSection
	GlobalSection(ProjectConfigurationPlatforms) = postSolution
		{B89E39E0-DFB7-5428-EFF3-B316F5C59E71}.Debug|Any CPU.ActiveCfg = Debug|Any CPU
		{B89E39E0-DFB7-5428-EFF3-B316F5C59E71}.Debug|Any CPU.Build.0 = Debug|Any CPU
		{B89E39E0-DFB7-5428-EFF3-B316F5C59E71}.Release|Any CPU.ActiveCfg = Release|Any CPU
		{B89E39E0-DFB7-5428-EFF3-B316F5C59E71}.Release|Any CPU.Build.0 = Release|Any CPU
		{00064A6D-B17A-E93F-8CCB-39F11C5E3891}.Debug|Any CPU.ActiveCfg = Debug|Any CPU
		{00064A6D-B17A-E93F-8CCB-39F11C5E3891}.Debug|Any CPU.Build.0 = Debug|Any CPU
		{00064A6D-B17A-E93F-8CCB-39F11C5E3891}.Release|Any CPU.ActiveCfg = Release|Any CPU
		{00064A6D-B17A-E93F-8CCB-39F11C5E3891}.Release|Any CPU.Build.0 = Release|Any CPU
		{8F4D686D-FF5C-CF93-2A79-C5B16B9B5D4D}.Debug|Any CPU.ActiveCfg = Debug|Any CPU
		{8F4D686D-FF5C-CF93-2A79-C5B16B9B5D4D}.Debug|Any CPU.Build.0 = Debug|Any CPU
		{8F4D686D-FF5C-CF93-2A79-C5B16B9B5D4D}.Release|Any CPU.ActiveCfg = Release|Any CPU
		{8F4D686D-FF5C-CF93-2A79-C5B16B9B5D4D}.Release|Any CPU.Build.0 = Release|Any CPU
	EndGlobalSection
	GlobalSection(SolutionProperties) = preSolution
		HideSolutionNode = FALSE
	EndGlobalSection
EndGlobal
